// !$*UTF8*$!
{
	archiveVersion = 1;
	classes = {
	};
	objectVersion = 50;
	objects = {

/* Begin PBXBuildFile section */
		BE0F73B924190E64004E3F4B /* AudioWaveView.swift in Sources */ = {isa = PBXBuildFile; fileRef = BE0F73B824190E64004E3F4B /* AudioWaveView.swift */; };
		BE0F73BF24195210004E3F4B /* HertzBar.swift in Sources */ = {isa = PBXBuildFile; fileRef = BE0F73BE24195210004E3F4B /* HertzBar.swift */; };
		BE54E9482417ACD90074BE3B /* MeasurementOrchestrator.swift in Sources */ = {isa = PBXBuildFile; fileRef = BE54E9472417ACD90074BE3B /* MeasurementOrchestrator.swift */; };
		BE54E94A2417DCC40074BE3B /* MeasurementRowView.swift in Sources */ = {isa = PBXBuildFile; fileRef = BE54E9492417DCC40074BE3B /* MeasurementRowView.swift */; };
		BE54E952241801920074BE3B /* AudioView.swift in Sources */ = {isa = PBXBuildFile; fileRef = BE54E951241801920074BE3B /* AudioView.swift */; };
		BE54E95C2418C7810074BE3B /* TempiDebug.swift in Sources */ = {isa = PBXBuildFile; fileRef = BE54E9562418C7810074BE3B /* TempiDebug.swift */; };
		BE54E95D2418C7810074BE3B /* TempiFFT.swift in Sources */ = {isa = PBXBuildFile; fileRef = BE54E9572418C7810074BE3B /* TempiFFT.swift */; };
		BE54E9602418C7810074BE3B /* TempiAudioInput.swift in Sources */ = {isa = PBXBuildFile; fileRef = BE54E95A2418C7810074BE3B /* TempiAudioInput.swift */; };
		BE5F6567241A15590002332C /* MeasurementView.swift in Sources */ = {isa = PBXBuildFile; fileRef = BE5F6566241A15590002332C /* MeasurementView.swift */; };
		BE5F6569241A21650002332C /* Gradients.swift in Sources */ = {isa = PBXBuildFile; fileRef = BE5F6568241A21650002332C /* Gradients.swift */; };
		BE5F6571241A3F370002332C /* InterpolatedShape.swift in Sources */ = {isa = PBXBuildFile; fileRef = BE5F656B241A3F360002332C /* InterpolatedShape.swift */; };
		BE5F6572241A3F370002332C /* AnimatableDataSimilarShape.swift in Sources */ = {isa = PBXBuildFile; fileRef = BE5F656C241A3F370002332C /* AnimatableDataSimilarShape.swift */; };
		BE5F6573241A3F370002332C /* Path+VectorArithmetic.swift in Sources */ = {isa = PBXBuildFile; fileRef = BE5F656D241A3F370002332C /* Path+VectorArithmetic.swift */; };
		BE5F6574241A3F370002332C /* Path+Length.swift in Sources */ = {isa = PBXBuildFile; fileRef = BE5F656E241A3F370002332C /* Path+Length.swift */; };
		BE5F6575241A3F370002332C /* SimilarShape.swift in Sources */ = {isa = PBXBuildFile; fileRef = BE5F656F241A3F370002332C /* SimilarShape.swift */; };
		BE5F6576241A3F370002332C /* Array+VectorArithmetic.swift in Sources */ = {isa = PBXBuildFile; fileRef = BE5F6570241A3F370002332C /* Array+VectorArithmetic.swift */; };
		BE5F6E442418E1780075924B /* Path+ControlPoints.swift in Sources */ = {isa = PBXBuildFile; fileRef = BE5F6E432418E1780075924B /* Path+ControlPoints.swift */; };
		BE8E98B6241B9E49004B0FCB /* Colors.swift in Sources */ = {isa = PBXBuildFile; fileRef = BE8E98B5241B9E49004B0FCB /* Colors.swift */; };
		BE8E98BA241BAB85004B0FCB /* PrivacyView.swift in Sources */ = {isa = PBXBuildFile; fileRef = BE8E98B9241BAB85004B0FCB /* PrivacyView.swift */; };
		BE8E98BC241BC573004B0FCB /* CardView.swift in Sources */ = {isa = PBXBuildFile; fileRef = BE8E98BB241BC573004B0FCB /* CardView.swift */; };
		BE8E98BE241BC59F004B0FCB /* MicrophoneButton.swift in Sources */ = {isa = PBXBuildFile; fileRef = BE8E98BD241BC59F004B0FCB /* MicrophoneButton.swift */; };
		BEB4A3BF241770F700904CBA /* AppDelegate.swift in Sources */ = {isa = PBXBuildFile; fileRef = BEB4A3BE241770F700904CBA /* AppDelegate.swift */; };
		BEB4A3C1241770F700904CBA /* SceneDelegate.swift in Sources */ = {isa = PBXBuildFile; fileRef = BEB4A3C0241770F700904CBA /* SceneDelegate.swift */; };
		BEB4A3C5241770F900904CBA /* Assets.xcassets in Resources */ = {isa = PBXBuildFile; fileRef = BEB4A3C4241770F900904CBA /* Assets.xcassets */; };
		BEB4A3C8241770F900904CBA /* Preview Assets.xcassets in Resources */ = {isa = PBXBuildFile; fileRef = BEB4A3C7241770F900904CBA /* Preview Assets.xcassets */; };
		BEB4A3CB241770F900904CBA /* LaunchScreen.storyboard in Resources */ = {isa = PBXBuildFile; fileRef = BEB4A3C9241770F900904CBA /* LaunchScreen.storyboard */; };
		BEF17504241773CF00FBE3C8 /* BadgeSymbol.swift in Sources */ = {isa = PBXBuildFile; fileRef = BEF174FB241773CF00FBE3C8 /* BadgeSymbol.swift */; };
		BEF17506241773CF00FBE3C8 /* GraphCapsule.swift in Sources */ = {isa = PBXBuildFile; fileRef = BEF174FD241773CF00FBE3C8 /* GraphCapsule.swift */; };
		BEF17507241773CF00FBE3C8 /* MeasurementGraph.swift in Sources */ = {isa = PBXBuildFile; fileRef = BEF174FE241773CF00FBE3C8 /* MeasurementGraph.swift */; };
		BEF17508241773CF00FBE3C8 /* CircleImage.swift in Sources */ = {isa = PBXBuildFile; fileRef = BEF174FF241773CF00FBE3C8 /* CircleImage.swift */; };
		BEF17509241773CF00FBE3C8 /* Badge.swift in Sources */ = {isa = PBXBuildFile; fileRef = BEF17500241773CF00FBE3C8 /* Badge.swift */; };
		BEF1750C241773CF00FBE3C8 /* RotatedBadgeSymbol.swift in Sources */ = {isa = PBXBuildFile; fileRef = BEF17503241773CF00FBE3C8 /* RotatedBadgeSymbol.swift */; };
		BEF1750F241774D100FBE3C8 /* Bucket.swift in Sources */ = {isa = PBXBuildFile; fileRef = BEF1750E241774D100FBE3C8 /* Bucket.swift */; };
		BEF175112417753400FBE3C8 /* Measurement.swift in Sources */ = {isa = PBXBuildFile; fileRef = BEF175102417753400FBE3C8 /* Measurement.swift */; };
		BEF175132417766500FBE3C8 /* Magnitude.swift in Sources */ = {isa = PBXBuildFile; fileRef = BEF175122417766500FBE3C8 /* Magnitude.swift */; };
		BEF1751524177C4700FBE3C8 /* BadgeBackground.swift in Sources */ = {isa = PBXBuildFile; fileRef = BEF1751424177C4700FBE3C8 /* BadgeBackground.swift */; };
		BEF1751724177C7000FBE3C8 /* HexagonParameters.swift in Sources */ = {isa = PBXBuildFile; fileRef = BEF1751624177C7000FBE3C8 /* HexagonParameters.swift */; };
/* End PBXBuildFile section */

/* Begin PBXFileReference section */
		BE0F73B824190E64004E3F4B /* AudioWaveView.swift */ = {isa = PBXFileReference; lastKnownFileType = sourcecode.swift; path = AudioWaveView.swift; sourceTree = "<group>"; };
		BE0F73BE24195210004E3F4B /* HertzBar.swift */ = {isa = PBXFileReference; lastKnownFileType = sourcecode.swift; path = HertzBar.swift; sourceTree = "<group>"; };
		BE54E9472417ACD90074BE3B /* MeasurementOrchestrator.swift */ = {isa = PBXFileReference; lastKnownFileType = sourcecode.swift; path = MeasurementOrchestrator.swift; sourceTree = "<group>"; };
		BE54E9492417DCC40074BE3B /* MeasurementRowView.swift */ = {isa = PBXFileReference; lastKnownFileType = sourcecode.swift; path = MeasurementRowView.swift; sourceTree = "<group>"; };
		BE54E951241801920074BE3B /* AudioView.swift */ = {isa = PBXFileReference; lastKnownFileType = sourcecode.swift; path = AudioView.swift; sourceTree = "<group>"; };
		BE54E9562418C7810074BE3B /* TempiDebug.swift */ = {isa = PBXFileReference; fileEncoding = 4; lastKnownFileType = sourcecode.swift; path = TempiDebug.swift; sourceTree = "<group>"; };
		BE54E9572418C7810074BE3B /* TempiFFT.swift */ = {isa = PBXFileReference; fileEncoding = 4; lastKnownFileType = sourcecode.swift; path = TempiFFT.swift; sourceTree = "<group>"; };
		BE54E95A2418C7810074BE3B /* TempiAudioInput.swift */ = {isa = PBXFileReference; fileEncoding = 4; lastKnownFileType = sourcecode.swift; path = TempiAudioInput.swift; sourceTree = "<group>"; };
		BE5F6566241A15590002332C /* MeasurementView.swift */ = {isa = PBXFileReference; lastKnownFileType = sourcecode.swift; path = MeasurementView.swift; sourceTree = "<group>"; };
		BE5F6568241A21650002332C /* Gradients.swift */ = {isa = PBXFileReference; lastKnownFileType = sourcecode.swift; path = Gradients.swift; sourceTree = "<group>"; };
		BE5F656B241A3F360002332C /* InterpolatedShape.swift */ = {isa = PBXFileReference; fileEncoding = 4; lastKnownFileType = sourcecode.swift; path = InterpolatedShape.swift; sourceTree = "<group>"; };
		BE5F656C241A3F370002332C /* AnimatableDataSimilarShape.swift */ = {isa = PBXFileReference; fileEncoding = 4; lastKnownFileType = sourcecode.swift; path = AnimatableDataSimilarShape.swift; sourceTree = "<group>"; };
		BE5F656D241A3F370002332C /* Path+VectorArithmetic.swift */ = {isa = PBXFileReference; fileEncoding = 4; lastKnownFileType = sourcecode.swift; path = "Path+VectorArithmetic.swift"; sourceTree = "<group>"; };
		BE5F656E241A3F370002332C /* Path+Length.swift */ = {isa = PBXFileReference; fileEncoding = 4; lastKnownFileType = sourcecode.swift; path = "Path+Length.swift"; sourceTree = "<group>"; };
		BE5F656F241A3F370002332C /* SimilarShape.swift */ = {isa = PBXFileReference; fileEncoding = 4; lastKnownFileType = sourcecode.swift; path = SimilarShape.swift; sourceTree = "<group>"; };
		BE5F6570241A3F370002332C /* Array+VectorArithmetic.swift */ = {isa = PBXFileReference; fileEncoding = 4; lastKnownFileType = sourcecode.swift; path = "Array+VectorArithmetic.swift"; sourceTree = "<group>"; };
		BE5F6E432418E1780075924B /* Path+ControlPoints.swift */ = {isa = PBXFileReference; lastKnownFileType = sourcecode.swift; path = "Path+ControlPoints.swift"; sourceTree = "<group>"; };
		BE8E98B5241B9E49004B0FCB /* Colors.swift */ = {isa = PBXFileReference; lastKnownFileType = sourcecode.swift; path = Colors.swift; sourceTree = "<group>"; };
		BE8E98B9241BAB85004B0FCB /* PrivacyView.swift */ = {isa = PBXFileReference; lastKnownFileType = sourcecode.swift; path = PrivacyView.swift; sourceTree = "<group>"; };
		BE8E98BB241BC573004B0FCB /* CardView.swift */ = {isa = PBXFileReference; lastKnownFileType = sourcecode.swift; path = CardView.swift; sourceTree = "<group>"; };
		BE8E98BD241BC59F004B0FCB /* MicrophoneButton.swift */ = {isa = PBXFileReference; lastKnownFileType = sourcecode.swift; path = MicrophoneButton.swift; sourceTree = "<group>"; };
		BEB4A3BB241770F700904CBA /* volume.app */ = {isa = PBXFileReference; explicitFileType = wrapper.application; includeInIndex = 0; path = volume.app; sourceTree = BUILT_PRODUCTS_DIR; };
		BEB4A3BE241770F700904CBA /* AppDelegate.swift */ = {isa = PBXFileReference; lastKnownFileType = sourcecode.swift; path = AppDelegate.swift; sourceTree = "<group>"; };
		BEB4A3C0241770F700904CBA /* SceneDelegate.swift */ = {isa = PBXFileReference; lastKnownFileType = sourcecode.swift; path = SceneDelegate.swift; sourceTree = "<group>"; };
		BEB4A3C4241770F900904CBA /* Assets.xcassets */ = {isa = PBXFileReference; lastKnownFileType = folder.assetcatalog; path = Assets.xcassets; sourceTree = "<group>"; };
		BEB4A3C7241770F900904CBA /* Preview Assets.xcassets */ = {isa = PBXFileReference; lastKnownFileType = folder.assetcatalog; path = "Preview Assets.xcassets"; sourceTree = "<group>"; };
		BEB4A3CA241770F900904CBA /* Base */ = {isa = PBXFileReference; lastKnownFileType = file.storyboard; name = Base; path = Base.lproj/LaunchScreen.storyboard; sourceTree = "<group>"; };
		BEB4A3CC241770F900904CBA /* Info.plist */ = {isa = PBXFileReference; lastKnownFileType = text.plist.xml; path = Info.plist; sourceTree = "<group>"; };
		BEF174FB241773CF00FBE3C8 /* BadgeSymbol.swift */ = {isa = PBXFileReference; fileEncoding = 4; lastKnownFileType = sourcecode.swift; path = BadgeSymbol.swift; sourceTree = "<group>"; };
		BEF174FD241773CF00FBE3C8 /* GraphCapsule.swift */ = {isa = PBXFileReference; fileEncoding = 4; lastKnownFileType = sourcecode.swift; path = GraphCapsule.swift; sourceTree = "<group>"; };
		BEF174FE241773CF00FBE3C8 /* MeasurementGraph.swift */ = {isa = PBXFileReference; fileEncoding = 4; lastKnownFileType = sourcecode.swift; path = MeasurementGraph.swift; sourceTree = "<group>"; };
		BEF174FF241773CF00FBE3C8 /* CircleImage.swift */ = {isa = PBXFileReference; fileEncoding = 4; lastKnownFileType = sourcecode.swift; path = CircleImage.swift; sourceTree = "<group>"; };
		BEF17500241773CF00FBE3C8 /* Badge.swift */ = {isa = PBXFileReference; fileEncoding = 4; lastKnownFileType = sourcecode.swift; path = Badge.swift; sourceTree = "<group>"; };
		BEF17503241773CF00FBE3C8 /* RotatedBadgeSymbol.swift */ = {isa = PBXFileReference; fileEncoding = 4; lastKnownFileType = sourcecode.swift; path = RotatedBadgeSymbol.swift; sourceTree = "<group>"; };
		BEF1750E241774D100FBE3C8 /* Bucket.swift */ = {isa = PBXFileReference; lastKnownFileType = sourcecode.swift; path = Bucket.swift; sourceTree = "<group>"; };
		BEF175102417753400FBE3C8 /* Measurement.swift */ = {isa = PBXFileReference; lastKnownFileType = sourcecode.swift; path = Measurement.swift; sourceTree = "<group>"; };
		BEF175122417766500FBE3C8 /* Magnitude.swift */ = {isa = PBXFileReference; lastKnownFileType = sourcecode.swift; path = Magnitude.swift; sourceTree = "<group>"; };
		BEF1751424177C4700FBE3C8 /* BadgeBackground.swift */ = {isa = PBXFileReference; fileEncoding = 4; lastKnownFileType = sourcecode.swift; path = BadgeBackground.swift; sourceTree = "<group>"; };
		BEF1751624177C7000FBE3C8 /* HexagonParameters.swift */ = {isa = PBXFileReference; fileEncoding = 4; lastKnownFileType = sourcecode.swift; path = HexagonParameters.swift; sourceTree = "<group>"; };
/* End PBXFileReference section */

/* Begin PBXFrameworksBuildPhase section */
		BEB4A3B8241770F700904CBA /* Frameworks */ = {
			isa = PBXFrameworksBuildPhase;
			buildActionMask = 2147483647;
			files = (
			);
			runOnlyForDeploymentPostprocessing = 0;
		};
/* End PBXFrameworksBuildPhase section */

/* Begin PBXGroup section */
		BE54E9532418C6FD0074BE3B /* Fourier Transform */ = {
			isa = PBXGroup;
			children = (
				BE54E95A2418C7810074BE3B /* TempiAudioInput.swift */,
				BE54E9562418C7810074BE3B /* TempiDebug.swift */,
				BE54E9572418C7810074BE3B /* TempiFFT.swift */,
			);
			path = "Fourier Transform";
			sourceTree = "<group>";
		};
		BE5F656A241A3F160002332C /* Path Animation */ = {
			isa = PBXGroup;
			children = (
				BE5F656C241A3F370002332C /* AnimatableDataSimilarShape.swift */,
				BE5F6570241A3F370002332C /* Array+VectorArithmetic.swift */,
				BE5F656B241A3F360002332C /* InterpolatedShape.swift */,
				BE5F656E241A3F370002332C /* Path+Length.swift */,
				BE5F656D241A3F370002332C /* Path+VectorArithmetic.swift */,
				BE5F656F241A3F370002332C /* SimilarShape.swift */,
			);
			path = "Path Animation";
			sourceTree = "<group>";
		};
		BE5F6E412418E14E0075924B /* Supporting Algorithms */ = {
			isa = PBXGroup;
			children = (
				BE5F656A241A3F160002332C /* Path Animation */,
				BE5F6E422418E1580075924B /* Bezier Curves */,
				BE54E9532418C6FD0074BE3B /* Fourier Transform */,
			);
			path = "Supporting Algorithms";
			sourceTree = "<group>";
		};
		BE5F6E422418E1580075924B /* Bezier Curves */ = {
			isa = PBXGroup;
			children = (
				BE5F6E432418E1780075924B /* Path+ControlPoints.swift */,
			);
			path = "Bezier Curves";
			sourceTree = "<group>";
		};
		BEAB08882417736B006E9B65 /* Supporting Views */ = {
			isa = PBXGroup;
			children = (
				BE54E951241801920074BE3B /* AudioView.swift */,
				BEF1751624177C7000FBE3C8 /* HexagonParameters.swift */,
				BEF1751424177C4700FBE3C8 /* BadgeBackground.swift */,
				BEF17500241773CF00FBE3C8 /* Badge.swift */,
				BEF174FB241773CF00FBE3C8 /* BadgeSymbol.swift */,
				BEF174FF241773CF00FBE3C8 /* CircleImage.swift */,
				BEF174FD241773CF00FBE3C8 /* GraphCapsule.swift */,
				BEF17503241773CF00FBE3C8 /* RotatedBadgeSymbol.swift */,
				BE0F73B824190E64004E3F4B /* AudioWaveView.swift */,
				BE0F73BE24195210004E3F4B /* HertzBar.swift */,
				BE8E98B9241BAB85004B0FCB /* PrivacyView.swift */,
				BE8E98BB241BC573004B0FCB /* CardView.swift */,
				BE8E98BD241BC59F004B0FCB /* MicrophoneButton.swift */,
			);
			path = "Supporting Views";
			sourceTree = "<group>";
		};
		BEB4A3B2241770F700904CBA = {
			isa = PBXGroup;
			children = (
				BEB4A3BD241770F700904CBA /* volume */,
				BEB4A3BC241770F700904CBA /* Products */,
			);
			sourceTree = "<group>";
		};
		BEB4A3BC241770F700904CBA /* Products */ = {
			isa = PBXGroup;
			children = (
				BEB4A3BB241770F700904CBA /* volume.app */,
			);
			name = Products;
			sourceTree = "<group>";
		};
		BEB4A3BD241770F700904CBA /* volume */ = {
			isa = PBXGroup;
			children = (
				BE5F6E412418E14E0075924B /* Supporting Algorithms */,
				BEF175182417A64800FBE3C8 /* Measurement */,
				BEF1750D2417748C00FBE3C8 /* Models */,
				BEAB08882417736B006E9B65 /* Supporting Views */,
				BEB4A3BE241770F700904CBA /* AppDelegate.swift */,
				BE5F6568241A21650002332C /* Gradients.swift */,
				BE8E98B5241B9E49004B0FCB /* Colors.swift */,
				BEB4A3C0241770F700904CBA /* SceneDelegate.swift */,
				BEB4A3C4241770F900904CBA /* Assets.xcassets */,
				BEB4A3C9241770F900904CBA /* LaunchScreen.storyboard */,
				BEB4A3CC241770F900904CBA /* Info.plist */,
				BEB4A3C6241770F900904CBA /* Preview Content */,
			);
			path = volume;
			sourceTree = "<group>";
		};
		BEB4A3C6241770F900904CBA /* Preview Content */ = {
			isa = PBXGroup;
			children = (
				BEB4A3C7241770F900904CBA /* Preview Assets.xcassets */,
			);
			path = "Preview Content";
			sourceTree = "<group>";
		};
		BEF1750D2417748C00FBE3C8 /* Models */ = {
			isa = PBXGroup;
			children = (
				BEF1750E241774D100FBE3C8 /* Bucket.swift */,
				BEF175102417753400FBE3C8 /* Measurement.swift */,
				BEF175122417766500FBE3C8 /* Magnitude.swift */,
			);
			path = Models;
			sourceTree = "<group>";
		};
		BEF175182417A64800FBE3C8 /* Measurement */ = {
			isa = PBXGroup;
			children = (
				BE54E9472417ACD90074BE3B /* MeasurementOrchestrator.swift */,
				BEF174FE241773CF00FBE3C8 /* MeasurementGraph.swift */,
				BE54E9492417DCC40074BE3B /* MeasurementRowView.swift */,
				BE5F6566241A15590002332C /* MeasurementView.swift */,
			);
			path = Measurement;
			sourceTree = "<group>";
		};
/* End PBXGroup section */

/* Begin PBXNativeTarget section */
		BEB4A3BA241770F700904CBA /* volume */ = {
			isa = PBXNativeTarget;
			buildConfigurationList = BEB4A3CF241770F900904CBA /* Build configuration list for PBXNativeTarget "volume" */;
			buildPhases = (
				BEB4A3B7241770F700904CBA /* Sources */,
				BEB4A3B8241770F700904CBA /* Frameworks */,
				BEB4A3B9241770F700904CBA /* Resources */,
			);
			buildRules = (
			);
			dependencies = (
			);
			name = volume;
			productName = volume;
			productReference = BEB4A3BB241770F700904CBA /* volume.app */;
			productType = "com.apple.product-type.application";
		};
/* End PBXNativeTarget section */

/* Begin PBXProject section */
		BEB4A3B3241770F700904CBA /* Project object */ = {
			isa = PBXProject;
			attributes = {
				LastSwiftUpdateCheck = 1130;
				LastUpgradeCheck = 1130;
				ORGANIZATIONNAME = "Philipp Matthes";
				TargetAttributes = {
					BEB4A3BA241770F700904CBA = {
						CreatedOnToolsVersion = 11.3.1;
					};
				};
			};
			buildConfigurationList = BEB4A3B6241770F700904CBA /* Build configuration list for PBXProject "volume" */;
			compatibilityVersion = "Xcode 9.3";
			developmentRegion = en;
			hasScannedForEncodings = 0;
			knownRegions = (
				en,
				Base,
			);
			mainGroup = BEB4A3B2241770F700904CBA;
			productRefGroup = BEB4A3BC241770F700904CBA /* Products */;
			projectDirPath = "";
			projectRoot = "";
			targets = (
				BEB4A3BA241770F700904CBA /* volume */,
			);
		};
/* End PBXProject section */

/* Begin PBXResourcesBuildPhase section */
		BEB4A3B9241770F700904CBA /* Resources */ = {
			isa = PBXResourcesBuildPhase;
			buildActionMask = 2147483647;
			files = (
				BEB4A3CB241770F900904CBA /* LaunchScreen.storyboard in Resources */,
				BEB4A3C8241770F900904CBA /* Preview Assets.xcassets in Resources */,
				BEB4A3C5241770F900904CBA /* Assets.xcassets in Resources */,
			);
			runOnlyForDeploymentPostprocessing = 0;
		};
/* End PBXResourcesBuildPhase section */

/* Begin PBXSourcesBuildPhase section */
		BEB4A3B7241770F700904CBA /* Sources */ = {
			isa = PBXSourcesBuildPhase;
			buildActionMask = 2147483647;
			files = (
				BEF1751724177C7000FBE3C8 /* HexagonParameters.swift in Sources */,
				BEB4A3BF241770F700904CBA /* AppDelegate.swift in Sources */,
				BE5F6573241A3F370002332C /* Path+VectorArithmetic.swift in Sources */,
				BE5F6575241A3F370002332C /* SimilarShape.swift in Sources */,
				BEF17508241773CF00FBE3C8 /* CircleImage.swift in Sources */,
				BE5F6574241A3F370002332C /* Path+Length.swift in Sources */,
				BEF17504241773CF00FBE3C8 /* BadgeSymbol.swift in Sources */,
				BEF1750F241774D100FBE3C8 /* Bucket.swift in Sources */,
				BE5F6571241A3F370002332C /* InterpolatedShape.swift in Sources */,
				BEF175132417766500FBE3C8 /* Magnitude.swift in Sources */,
				BE54E95D2418C7810074BE3B /* TempiFFT.swift in Sources */,
				BE5F6E442418E1780075924B /* Path+ControlPoints.swift in Sources */,
				BEF17506241773CF00FBE3C8 /* GraphCapsule.swift in Sources */,
				BE54E95C2418C7810074BE3B /* TempiDebug.swift in Sources */,
				BEF175112417753400FBE3C8 /* Measurement.swift in Sources */,
				BEB4A3C1241770F700904CBA /* SceneDelegate.swift in Sources */,
				BEF1751524177C4700FBE3C8 /* BadgeBackground.swift in Sources */,
				BEF17507241773CF00FBE3C8 /* MeasurementGraph.swift in Sources */,
				BE5F6572241A3F370002332C /* AnimatableDataSimilarShape.swift in Sources */,
				BE54E9602418C7810074BE3B /* TempiAudioInput.swift in Sources */,
				BEF17509241773CF00FBE3C8 /* Badge.swift in Sources */,
				BE5F6569241A21650002332C /* Gradients.swift in Sources */,
				BE0F73B924190E64004E3F4B /* AudioWaveView.swift in Sources */,
				BE8E98BE241BC59F004B0FCB /* MicrophoneButton.swift in Sources */,
				BE54E94A2417DCC40074BE3B /* MeasurementRowView.swift in Sources */,
				BE0F73BF24195210004E3F4B /* HertzBar.swift in Sources */,
				BE8E98BA241BAB85004B0FCB /* PrivacyView.swift in Sources */,
				BE5F6567241A15590002332C /* MeasurementView.swift in Sources */,
				BE5F6576241A3F370002332C /* Array+VectorArithmetic.swift in Sources */,
				BE8E98B6241B9E49004B0FCB /* Colors.swift in Sources */,
				BEF1750C241773CF00FBE3C8 /* RotatedBadgeSymbol.swift in Sources */,
				BE54E952241801920074BE3B /* AudioView.swift in Sources */,
				BE8E98BC241BC573004B0FCB /* CardView.swift in Sources */,
				BE54E9482417ACD90074BE3B /* MeasurementOrchestrator.swift in Sources */,
			);
			runOnlyForDeploymentPostprocessing = 0;
		};
/* End PBXSourcesBuildPhase section */

/* Begin PBXVariantGroup section */
		BEB4A3C9241770F900904CBA /* LaunchScreen.storyboard */ = {
			isa = PBXVariantGroup;
			children = (
				BEB4A3CA241770F900904CBA /* Base */,
			);
			name = LaunchScreen.storyboard;
			sourceTree = "<group>";
		};
/* End PBXVariantGroup section */

/* Begin XCBuildConfiguration section */
		BEB4A3CD241770F900904CBA /* Debug */ = {
			isa = XCBuildConfiguration;
			buildSettings = {
				ALWAYS_SEARCH_USER_PATHS = NO;
				CLANG_ANALYZER_NONNULL = YES;
				CLANG_ANALYZER_NUMBER_OBJECT_CONVERSION = YES_AGGRESSIVE;
				CLANG_CXX_LANGUAGE_STANDARD = "gnu++14";
				CLANG_CXX_LIBRARY = "libc++";
				CLANG_ENABLE_MODULES = YES;
				CLANG_ENABLE_OBJC_ARC = YES;
				CLANG_ENABLE_OBJC_WEAK = YES;
				CLANG_WARN_BLOCK_CAPTURE_AUTORELEASING = YES;
				CLANG_WARN_BOOL_CONVERSION = YES;
				CLANG_WARN_COMMA = YES;
				CLANG_WARN_CONSTANT_CONVERSION = YES;
				CLANG_WARN_DEPRECATED_OBJC_IMPLEMENTATIONS = YES;
				CLANG_WARN_DIRECT_OBJC_ISA_USAGE = YES_ERROR;
				CLANG_WARN_DOCUMENTATION_COMMENTS = YES;
				CLANG_WARN_EMPTY_BODY = YES;
				CLANG_WARN_ENUM_CONVERSION = YES;
				CLANG_WARN_INFINITE_RECURSION = YES;
				CLANG_WARN_INT_CONVERSION = YES;
				CLANG_WARN_NON_LITERAL_NULL_CONVERSION = YES;
				CLANG_WARN_OBJC_IMPLICIT_RETAIN_SELF = YES;
				CLANG_WARN_OBJC_LITERAL_CONVERSION = YES;
				CLANG_WARN_OBJC_ROOT_CLASS = YES_ERROR;
				CLANG_WARN_RANGE_LOOP_ANALYSIS = YES;
				CLANG_WARN_STRICT_PROTOTYPES = YES;
				CLANG_WARN_SUSPICIOUS_MOVE = YES;
				CLANG_WARN_UNGUARDED_AVAILABILITY = YES_AGGRESSIVE;
				CLANG_WARN_UNREACHABLE_CODE = YES;
				CLANG_WARN__DUPLICATE_METHOD_MATCH = YES;
				COPY_PHASE_STRIP = NO;
				DEBUG_INFORMATION_FORMAT = dwarf;
				ENABLE_STRICT_OBJC_MSGSEND = YES;
				ENABLE_TESTABILITY = YES;
				GCC_C_LANGUAGE_STANDARD = gnu11;
				GCC_DYNAMIC_NO_PIC = NO;
				GCC_NO_COMMON_BLOCKS = YES;
				GCC_OPTIMIZATION_LEVEL = 0;
				GCC_PREPROCESSOR_DEFINITIONS = (
					"DEBUG=1",
					"$(inherited)",
				);
				GCC_WARN_64_TO_32_BIT_CONVERSION = YES;
				GCC_WARN_ABOUT_RETURN_TYPE = YES_ERROR;
				GCC_WARN_UNDECLARED_SELECTOR = YES;
				GCC_WARN_UNINITIALIZED_AUTOS = YES_AGGRESSIVE;
				GCC_WARN_UNUSED_FUNCTION = YES;
				GCC_WARN_UNUSED_VARIABLE = YES;
				IPHONEOS_DEPLOYMENT_TARGET = 13.2;
				MTL_ENABLE_DEBUG_INFO = INCLUDE_SOURCE;
				MTL_FAST_MATH = YES;
				ONLY_ACTIVE_ARCH = YES;
				SDKROOT = iphoneos;
				SWIFT_ACTIVE_COMPILATION_CONDITIONS = DEBUG;
				SWIFT_OPTIMIZATION_LEVEL = "-Onone";
			};
			name = Debug;
		};
		BEB4A3CE241770F900904CBA /* Release */ = {
			isa = XCBuildConfiguration;
			buildSettings = {
				ALWAYS_SEARCH_USER_PATHS = NO;
				CLANG_ANALYZER_NONNULL = YES;
				CLANG_ANALYZER_NUMBER_OBJECT_CONVERSION = YES_AGGRESSIVE;
				CLANG_CXX_LANGUAGE_STANDARD = "gnu++14";
				CLANG_CXX_LIBRARY = "libc++";
				CLANG_ENABLE_MODULES = YES;
				CLANG_ENABLE_OBJC_ARC = YES;
				CLANG_ENABLE_OBJC_WEAK = YES;
				CLANG_WARN_BLOCK_CAPTURE_AUTORELEASING = YES;
				CLANG_WARN_BOOL_CONVERSION = YES;
				CLANG_WARN_COMMA = YES;
				CLANG_WARN_CONSTANT_CONVERSION = YES;
				CLANG_WARN_DEPRECATED_OBJC_IMPLEMENTATIONS = YES;
				CLANG_WARN_DIRECT_OBJC_ISA_USAGE = YES_ERROR;
				CLANG_WARN_DOCUMENTATION_COMMENTS = YES;
				CLANG_WARN_EMPTY_BODY = YES;
				CLANG_WARN_ENUM_CONVERSION = YES;
				CLANG_WARN_INFINITE_RECURSION = YES;
				CLANG_WARN_INT_CONVERSION = YES;
				CLANG_WARN_NON_LITERAL_NULL_CONVERSION = YES;
				CLANG_WARN_OBJC_IMPLICIT_RETAIN_SELF = YES;
				CLANG_WARN_OBJC_LITERAL_CONVERSION = YES;
				CLANG_WARN_OBJC_ROOT_CLASS = YES_ERROR;
				CLANG_WARN_RANGE_LOOP_ANALYSIS = YES;
				CLANG_WARN_STRICT_PROTOTYPES = YES;
				CLANG_WARN_SUSPICIOUS_MOVE = YES;
				CLANG_WARN_UNGUARDED_AVAILABILITY = YES_AGGRESSIVE;
				CLANG_WARN_UNREACHABLE_CODE = YES;
				CLANG_WARN__DUPLICATE_METHOD_MATCH = YES;
				COPY_PHASE_STRIP = NO;
				DEBUG_INFORMATION_FORMAT = "dwarf-with-dsym";
				ENABLE_NS_ASSERTIONS = NO;
				ENABLE_STRICT_OBJC_MSGSEND = YES;
				GCC_C_LANGUAGE_STANDARD = gnu11;
				GCC_NO_COMMON_BLOCKS = YES;
				GCC_WARN_64_TO_32_BIT_CONVERSION = YES;
				GCC_WARN_ABOUT_RETURN_TYPE = YES_ERROR;
				GCC_WARN_UNDECLARED_SELECTOR = YES;
				GCC_WARN_UNINITIALIZED_AUTOS = YES_AGGRESSIVE;
				GCC_WARN_UNUSED_FUNCTION = YES;
				GCC_WARN_UNUSED_VARIABLE = YES;
				IPHONEOS_DEPLOYMENT_TARGET = 13.2;
				MTL_ENABLE_DEBUG_INFO = NO;
				MTL_FAST_MATH = YES;
				SDKROOT = iphoneos;
				SWIFT_COMPILATION_MODE = wholemodule;
				SWIFT_OPTIMIZATION_LEVEL = "-O";
				VALIDATE_PRODUCT = YES;
			};
			name = Release;
		};
		BEB4A3D0241770F900904CBA /* Debug */ = {
			isa = XCBuildConfiguration;
			buildSettings = {
				ASSETCATALOG_COMPILER_APPICON_NAME = AppIcon;
				CODE_SIGN_STYLE = Automatic;
				DEAD_CODE_STRIPPING = YES;
				DEVELOPMENT_ASSET_PATHS = "\"volume/Preview Content\"";
				DEVELOPMENT_TEAM = S36925NV4E;
				ENABLE_PREVIEWS = YES;
				INFOPLIST_FILE = volume/Info.plist;
				LD_RUNPATH_SEARCH_PATHS = (
					"$(inherited)",
					"@executable_path/Frameworks",
				);
				PRODUCT_BUNDLE_IDENTIFIER = com.philippmatthes.volume;
				PRODUCT_NAME = "$(TARGET_NAME)";
				SWIFT_VERSION = 5.0;
				TARGETED_DEVICE_FAMILY = "1,2";
			};
			name = Debug;
		};
		BEB4A3D1241770F900904CBA /* Release */ = {
			isa = XCBuildConfiguration;
			buildSettings = {
				ASSETCATALOG_COMPILER_APPICON_NAME = AppIcon;
				CODE_SIGN_STYLE = Automatic;
				DEAD_CODE_STRIPPING = YES;
				DEVELOPMENT_ASSET_PATHS = "\"volume/Preview Content\"";
				DEVELOPMENT_TEAM = S36925NV4E;
				ENABLE_PREVIEWS = YES;
				INFOPLIST_FILE = volume/Info.plist;
				LD_RUNPATH_SEARCH_PATHS = (
					"$(inherited)",
					"@executable_path/Frameworks",
				);
				PRODUCT_BUNDLE_IDENTIFIER = com.philippmatthes.volume;
				PRODUCT_NAME = "$(TARGET_NAME)";
				SWIFT_VERSION = 5.0;
				TARGETED_DEVICE_FAMILY = "1,2";
			};
			name = Release;
		};
/* End XCBuildConfiguration section */

/* Begin XCConfigurationList section */
		BEB4A3B6241770F700904CBA /* Build configuration list for PBXProject "volume" */ = {
			isa = XCConfigurationList;
			buildConfigurations = (
				BEB4A3CD241770F900904CBA /* Debug */,
				BEB4A3CE241770F900904CBA /* Release */,
			);
			defaultConfigurationIsVisible = 0;
			defaultConfigurationName = Release;
		};
		BEB4A3CF241770F900904CBA /* Build configuration list for PBXNativeTarget "volume" */ = {
			isa = XCConfigurationList;
			buildConfigurations = (
				BEB4A3D0241770F900904CBA /* Debug */,
				BEB4A3D1241770F900904CBA /* Release */,
			);
			defaultConfigurationIsVisible = 0;
			defaultConfigurationName = Release;
		};
/* End XCConfigurationList section */
	};
	rootObject = BEB4A3B3241770F700904CBA /* Project object */;
}
